// !$*UTF8*$!
{
	archiveVersion = 1;
	classes = {
	};
	objectVersion = 51;
	objects = {

/* Begin PBXBuildFile section */
		402332711FB7CDA100749E26 /* WeatherUpdate.swift in Sources */ = {isa = PBXBuildFile; fileRef = 402332701FB7CDA100749E26 /* WeatherUpdate.swift */; };
		4053FE80213DB339002C2235 /* Provider.swift in Sources */ = {isa = PBXBuildFile; fileRef = 4053FE7F213DB339002C2235 /* Provider.swift */; };
		4053FE82213DB7D1002C2235 /* ProviderError.swift in Sources */ = {isa = PBXBuildFile; fileRef = 4053FE81213DB7D1002C2235 /* ProviderError.swift */; };
		4053FE85213DBD12002C2235 /* Stag Sans-Book.otf in Resources */ = {isa = PBXBuildFile; fileRef = 4053FE83213DBD12002C2235 /* Stag Sans-Book.otf */; };
		4053FE86213DBD12002C2235 /* Stag Sans-Semibold.otf in Resources */ = {isa = PBXBuildFile; fileRef = 4053FE84213DBD12002C2235 /* Stag Sans-Semibold.otf */; };
		406653DF2076DA730013519B /* InfoTableViewController.swift in Sources */ = {isa = PBXBuildFile; fileRef = 406653DE2076DA730013519B /* InfoTableViewController.swift */; };
		406653E12076DA7C0013519B /* HomeTableViewController.swift in Sources */ = {isa = PBXBuildFile; fileRef = 406653E02076DA7C0013519B /* HomeTableViewController.swift */; };
		408FBF191FB6B4CD008D4258 /* HourlyStubTableViewCell.swift in Sources */ = {isa = PBXBuildFile; fileRef = 408FBF181FB6B4CD008D4258 /* HourlyStubTableViewCell.swift */; };
		408FBF1B1FB6C0AC008D4258 /* InsightTableViewCell.swift in Sources */ = {isa = PBXBuildFile; fileRef = 408FBF1A1FB6C0AC008D4258 /* InsightTableViewCell.swift */; };
		40D8D6E51FB64B3E002CFD6A /* AppDelegate.swift in Sources */ = {isa = PBXBuildFile; fileRef = 40D8D6E41FB64B3E002CFD6A /* AppDelegate.swift */; };
		40D8D6EA1FB64B3E002CFD6A /* Main.storyboard in Resources */ = {isa = PBXBuildFile; fileRef = 40D8D6E81FB64B3E002CFD6A /* Main.storyboard */; };
		40D8D6EF1FB64B3E002CFD6A /* Assets.xcassets in Resources */ = {isa = PBXBuildFile; fileRef = 40D8D6EE1FB64B3E002CFD6A /* Assets.xcassets */; };
		40D8D6F21FB64B3E002CFD6A /* LaunchScreen.storyboard in Resources */ = {isa = PBXBuildFile; fileRef = 40D8D6F01FB64B3E002CFD6A /* LaunchScreen.storyboard */; };
		40E5C0F01FB6986000A4C884 /* DarkSkyProvider.swift in Sources */ = {isa = PBXBuildFile; fileRef = 40E5C0EF1FB6986000A4C884 /* DarkSkyProvider.swift */; };
		40E5C0F41FB69CD000A4C884 /* LocationBrain.swift in Sources */ = {isa = PBXBuildFile; fileRef = 40E5C0F31FB69CD000A4C884 /* LocationBrain.swift */; };
		6512163A230A0E63009404F7 /* Storage.swift in Sources */ = {isa = PBXBuildFile; fileRef = 65121639230A0E63009404F7 /* Storage.swift */; };
		6512163C230A1284009404F7 /* HomeTableViewModel.swift in Sources */ = {isa = PBXBuildFile; fileRef = 6512163B230A1284009404F7 /* HomeTableViewModel.swift */; };
		65ECB1B1230528D000BA3320 /* TempUnit.swift in Sources */ = {isa = PBXBuildFile; fileRef = 65ECB1B0230528D000BA3320 /* TempUnit.swift */; };
/* End PBXBuildFile section */

/* Begin PBXFileReference section */
		402332701FB7CDA100749E26 /* WeatherUpdate.swift */ = {isa = PBXFileReference; lastKnownFileType = sourcecode.swift; path = WeatherUpdate.swift; sourceTree = "<group>"; };
		4053FE7F213DB339002C2235 /* Provider.swift */ = {isa = PBXFileReference; lastKnownFileType = sourcecode.swift; path = Provider.swift; sourceTree = "<group>"; };
		4053FE81213DB7D1002C2235 /* ProviderError.swift */ = {isa = PBXFileReference; lastKnownFileType = sourcecode.swift; path = ProviderError.swift; sourceTree = "<group>"; };
		4053FE83213DBD12002C2235 /* Stag Sans-Book.otf */ = {isa = PBXFileReference; lastKnownFileType = file; path = "Stag Sans-Book.otf"; sourceTree = "<group>"; };
		4053FE84213DBD12002C2235 /* Stag Sans-Semibold.otf */ = {isa = PBXFileReference; lastKnownFileType = file; path = "Stag Sans-Semibold.otf"; sourceTree = "<group>"; };
		406653DE2076DA730013519B /* InfoTableViewController.swift */ = {isa = PBXFileReference; fileEncoding = 4; lastKnownFileType = sourcecode.swift; path = InfoTableViewController.swift; sourceTree = "<group>"; };
		406653E02076DA7C0013519B /* HomeTableViewController.swift */ = {isa = PBXFileReference; fileEncoding = 4; lastKnownFileType = sourcecode.swift; path = HomeTableViewController.swift; sourceTree = "<group>"; };
		408FBF181FB6B4CD008D4258 /* HourlyStubTableViewCell.swift */ = {isa = PBXFileReference; lastKnownFileType = sourcecode.swift; path = HourlyStubTableViewCell.swift; sourceTree = "<group>"; };
		408FBF1A1FB6C0AC008D4258 /* InsightTableViewCell.swift */ = {isa = PBXFileReference; lastKnownFileType = sourcecode.swift; path = InsightTableViewCell.swift; sourceTree = "<group>"; };
		40D8D6E11FB64B3E002CFD6A /* Rainy.app */ = {isa = PBXFileReference; explicitFileType = wrapper.application; includeInIndex = 0; path = Rainy.app; sourceTree = BUILT_PRODUCTS_DIR; };
		40D8D6E41FB64B3E002CFD6A /* AppDelegate.swift */ = {isa = PBXFileReference; lastKnownFileType = sourcecode.swift; path = AppDelegate.swift; sourceTree = "<group>"; };
		40D8D6E91FB64B3E002CFD6A /* Base */ = {isa = PBXFileReference; lastKnownFileType = file.storyboard; name = Base; path = Base.lproj/Main.storyboard; sourceTree = "<group>"; };
		40D8D6EE1FB64B3E002CFD6A /* Assets.xcassets */ = {isa = PBXFileReference; lastKnownFileType = folder.assetcatalog; path = Assets.xcassets; sourceTree = "<group>"; };
		40D8D6F11FB64B3E002CFD6A /* Base */ = {isa = PBXFileReference; lastKnownFileType = file.storyboard; name = Base; path = Base.lproj/LaunchScreen.storyboard; sourceTree = "<group>"; };
		40D8D6F31FB64B3E002CFD6A /* Info.plist */ = {isa = PBXFileReference; lastKnownFileType = text.plist.xml; path = Info.plist; sourceTree = "<group>"; };
		40E5C0EF1FB6986000A4C884 /* DarkSkyProvider.swift */ = {isa = PBXFileReference; lastKnownFileType = sourcecode.swift; path = DarkSkyProvider.swift; sourceTree = "<group>"; };
		40E5C0F31FB69CD000A4C884 /* LocationBrain.swift */ = {isa = PBXFileReference; lastKnownFileType = sourcecode.swift; path = LocationBrain.swift; sourceTree = "<group>"; };
		65121639230A0E63009404F7 /* Storage.swift */ = {isa = PBXFileReference; lastKnownFileType = sourcecode.swift; path = Storage.swift; sourceTree = "<group>"; };
		6512163B230A1284009404F7 /* HomeTableViewModel.swift */ = {isa = PBXFileReference; lastKnownFileType = sourcecode.swift; path = HomeTableViewModel.swift; sourceTree = "<group>"; };
		65ECB1B0230528D000BA3320 /* TempUnit.swift */ = {isa = PBXFileReference; lastKnownFileType = sourcecode.swift; path = TempUnit.swift; sourceTree = "<group>"; };
/* End PBXFileReference section */

/* Begin PBXFrameworksBuildPhase section */
		40D8D6DE1FB64B3E002CFD6A /* Frameworks */ = {
			isa = PBXFrameworksBuildPhase;
			buildActionMask = 2147483647;
			files = (
			);
			runOnlyForDeploymentPostprocessing = 0;
		};
/* End PBXFrameworksBuildPhase section */

/* Begin PBXGroup section */
		4030D605213DCD1B000CA8B9 /* Weather Data */ = {
			isa = PBXGroup;
			children = (
				402332701FB7CDA100749E26 /* WeatherUpdate.swift */,
			);
			path = "Weather Data";
			sourceTree = "<group>";
		};
		407A5BFC20F58D2E0006B2F0 /* Model */ = {
			isa = PBXGroup;
			children = (
				65121638230A0E53009404F7 /* Caching */,
				4030D605213DCD1B000CA8B9 /* Weather Data */,
				40E5C0F31FB69CD000A4C884 /* LocationBrain.swift */,
				40E5C0EE1FB6984600A4C884 /* Providers */,
				65ECB1B0230528D000BA3320 /* TempUnit.swift */,
			);
			path = Model;
			sourceTree = "<group>";
		};
		407A5BFD20F58D7C0006B2F0 /* View Controllers */ = {
			isa = PBXGroup;
			children = (
				406653E02076DA7C0013519B /* HomeTableViewController.swift */,
				406653DE2076DA730013519B /* InfoTableViewController.swift */,
				6512163B230A1284009404F7 /* HomeTableViewModel.swift */,
			);
			path = "View Controllers";
			sourceTree = "<group>";
		};
		407A5BFE20F58D8C0006B2F0 /* GUI */ = {
			isa = PBXGroup;
			children = (
				4053FE83213DBD12002C2235 /* Stag Sans-Book.otf */,
				4053FE84213DBD12002C2235 /* Stag Sans-Semibold.otf */,
				407A5BFD20F58D7C0006B2F0 /* View Controllers */,
				408FBF181FB6B4CD008D4258 /* HourlyStubTableViewCell.swift */,
				408FBF1A1FB6C0AC008D4258 /* InsightTableViewCell.swift */,
			);
			path = GUI;
			sourceTree = "<group>";
		};
		40D8D6D81FB64B3E002CFD6A = {
			isa = PBXGroup;
			children = (
				40D8D6E31FB64B3E002CFD6A /* Rainy */,
				40D8D6E21FB64B3E002CFD6A /* Products */,
			);
			sourceTree = "<group>";
		};
		40D8D6E21FB64B3E002CFD6A /* Products */ = {
			isa = PBXGroup;
			children = (
				40D8D6E11FB64B3E002CFD6A /* Rainy.app */,
			);
			name = Products;
			sourceTree = "<group>";
		};
		40D8D6E31FB64B3E002CFD6A /* Rainy */ = {
			isa = PBXGroup;
			children = (
				40D8D6E41FB64B3E002CFD6A /* AppDelegate.swift */,
				40D8D6EE1FB64B3E002CFD6A /* Assets.xcassets */,
				407A5BFE20F58D8C0006B2F0 /* GUI */,
				40D8D6F31FB64B3E002CFD6A /* Info.plist */,
				40D8D6F01FB64B3E002CFD6A /* LaunchScreen.storyboard */,
				40D8D6E81FB64B3E002CFD6A /* Main.storyboard */,
				407A5BFC20F58D2E0006B2F0 /* Model */,
			);
			path = Rainy;
			sourceTree = "<group>";
		};
		40E5C0EE1FB6984600A4C884 /* Providers */ = {
			isa = PBXGroup;
			children = (
				40E5C0EF1FB6986000A4C884 /* DarkSkyProvider.swift */,
				4053FE7F213DB339002C2235 /* Provider.swift */,
				4053FE81213DB7D1002C2235 /* ProviderError.swift */,
			);
			path = Providers;
			sourceTree = "<group>";
		};
		65121638230A0E53009404F7 /* Caching */ = {
			isa = PBXGroup;
			children = (
				65121639230A0E63009404F7 /* Storage.swift */,
			);
			path = Caching;
			sourceTree = "<group>";
		};
/* End PBXGroup section */

/* Begin PBXNativeTarget section */
		40D8D6E01FB64B3E002CFD6A /* Rainy */ = {
			isa = PBXNativeTarget;
			buildConfigurationList = 40D8D7011FB64B3F002CFD6A /* Build configuration list for PBXNativeTarget "Rainy" */;
			buildPhases = (
				40D8D6DD1FB64B3E002CFD6A /* Sources */,
				40D8D6DE1FB64B3E002CFD6A /* Frameworks */,
				40D8D6DF1FB64B3E002CFD6A /* Resources */,
			);
			buildRules = (
			);
			dependencies = (
			);
			name = Rainy;
			productName = Rainy;
			productReference = 40D8D6E11FB64B3E002CFD6A /* Rainy.app */;
			productType = "com.apple.product-type.application";
		};
/* End PBXNativeTarget section */

/* Begin PBXProject section */
		40D8D6D91FB64B3E002CFD6A /* Project object */ = {
			isa = PBXProject;
			attributes = {
				LastSwiftUpdateCheck = 0910;
				LastUpgradeCheck = 0930;
				ORGANIZATIONNAME = "Andrea Gottardo";
				TargetAttributes = {
					40D8D6E01FB64B3E002CFD6A = {
						CreatedOnToolsVersion = 9.1;
						LastSwiftMigration = 1030;
						ProvisioningStyle = Automatic;
					};
				};
			};
			buildConfigurationList = 40D8D6DC1FB64B3E002CFD6A /* Build configuration list for PBXProject "Rainy" */;
			compatibilityVersion = "Xcode 10.0";
			developmentRegion = en;
			hasScannedForEncodings = 0;
			knownRegions = (
				en,
				Base,
			);
			mainGroup = 40D8D6D81FB64B3E002CFD6A;
			productRefGroup = 40D8D6E21FB64B3E002CFD6A /* Products */;
			projectDirPath = "";
			projectRoot = "";
			targets = (
				40D8D6E01FB64B3E002CFD6A /* Rainy */,
			);
		};
/* End PBXProject section */

/* Begin PBXResourcesBuildPhase section */
		40D8D6DF1FB64B3E002CFD6A /* Resources */ = {
			isa = PBXResourcesBuildPhase;
			buildActionMask = 2147483647;
			files = (
				40D8D6F21FB64B3E002CFD6A /* LaunchScreen.storyboard in Resources */,
				4053FE85213DBD12002C2235 /* Stag Sans-Book.otf in Resources */,
				40D8D6EF1FB64B3E002CFD6A /* Assets.xcassets in Resources */,
				40D8D6EA1FB64B3E002CFD6A /* Main.storyboard in Resources */,
				4053FE86213DBD12002C2235 /* Stag Sans-Semibold.otf in Resources */,
			);
			runOnlyForDeploymentPostprocessing = 0;
		};
/* End PBXResourcesBuildPhase section */

/* Begin PBXSourcesBuildPhase section */
		40D8D6DD1FB64B3E002CFD6A /* Sources */ = {
			isa = PBXSourcesBuildPhase;
			buildActionMask = 2147483647;
			files = (
				40E5C0F01FB6986000A4C884 /* DarkSkyProvider.swift in Sources */,
				40D8D6E51FB64B3E002CFD6A /* AppDelegate.swift in Sources */,
				4053FE82213DB7D1002C2235 /* ProviderError.swift in Sources */,
				40E5C0F41FB69CD000A4C884 /* LocationBrain.swift in Sources */,
				408FBF1B1FB6C0AC008D4258 /* InsightTableViewCell.swift in Sources */,
				6512163A230A0E63009404F7 /* Storage.swift in Sources */,
				406653E12076DA7C0013519B /* HomeTableViewController.swift in Sources */,
				6512163C230A1284009404F7 /* HomeTableViewModel.swift in Sources */,
				4053FE80213DB339002C2235 /* Provider.swift in Sources */,
				65ECB1B1230528D000BA3320 /* TempUnit.swift in Sources */,
				408FBF191FB6B4CD008D4258 /* HourlyStubTableViewCell.swift in Sources */,
				406653DF2076DA730013519B /* InfoTableViewController.swift in Sources */,
				402332711FB7CDA100749E26 /* WeatherUpdate.swift in Sources */,
			);
			runOnlyForDeploymentPostprocessing = 0;
		};
/* End PBXSourcesBuildPhase section */

/* Begin PBXVariantGroup section */
		40D8D6E81FB64B3E002CFD6A /* Main.storyboard */ = {
			isa = PBXVariantGroup;
			children = (
				40D8D6E91FB64B3E002CFD6A /* Base */,
			);
			name = Main.storyboard;
			sourceTree = "<group>";
		};
		40D8D6F01FB64B3E002CFD6A /* LaunchScreen.storyboard */ = {
			isa = PBXVariantGroup;
			children = (
				40D8D6F11FB64B3E002CFD6A /* Base */,
			);
			name = LaunchScreen.storyboard;
			sourceTree = "<group>";
		};
/* End PBXVariantGroup section */

/* Begin XCBuildConfiguration section */
		40D8D6FF1FB64B3F002CFD6A /* Debug */ = {
			isa = XCBuildConfiguration;
			buildSettings = {
				ALWAYS_SEARCH_USER_PATHS = NO;
				CLANG_ANALYZER_NONNULL = YES;
				CLANG_ANALYZER_NUMBER_OBJECT_CONVERSION = YES_AGGRESSIVE;
				CLANG_CXX_LANGUAGE_STANDARD = "gnu++14";
				CLANG_CXX_LIBRARY = "libc++";
				CLANG_ENABLE_MODULES = YES;
				CLANG_ENABLE_OBJC_ARC = YES;
				CLANG_WARN_BLOCK_CAPTURE_AUTORELEASING = YES;
				CLANG_WARN_BOOL_CONVERSION = YES;
				CLANG_WARN_COMMA = YES;
				CLANG_WARN_CONSTANT_CONVERSION = YES;
				CLANG_WARN_DEPRECATED_OBJC_IMPLEMENTATIONS = YES;
				CLANG_WARN_DIRECT_OBJC_ISA_USAGE = YES_ERROR;
				CLANG_WARN_DOCUMENTATION_COMMENTS = YES;
				CLANG_WARN_EMPTY_BODY = YES;
				CLANG_WARN_ENUM_CONVERSION = YES;
				CLANG_WARN_INFINITE_RECURSION = YES;
				CLANG_WARN_INT_CONVERSION = YES;
				CLANG_WARN_NON_LITERAL_NULL_CONVERSION = YES;
				CLANG_WARN_OBJC_IMPLICIT_RETAIN_SELF = YES;
				CLANG_WARN_OBJC_LITERAL_CONVERSION = YES;
				CLANG_WARN_OBJC_ROOT_CLASS = YES_ERROR;
				CLANG_WARN_RANGE_LOOP_ANALYSIS = YES;
				CLANG_WARN_STRICT_PROTOTYPES = YES;
				CLANG_WARN_SUSPICIOUS_MOVE = YES;
				CLANG_WARN_UNGUARDED_AVAILABILITY = YES_AGGRESSIVE;
				CLANG_WARN_UNREACHABLE_CODE = YES;
				CLANG_WARN__DUPLICATE_METHOD_MATCH = YES;
				CODE_SIGN_IDENTITY = "iPhone Developer";
				COPY_PHASE_STRIP = NO;
				DEBUG_INFORMATION_FORMAT = "dwarf-with-dsym";
				ENABLE_STRICT_OBJC_MSGSEND = YES;
				ENABLE_TESTABILITY = YES;
				GCC_C_LANGUAGE_STANDARD = gnu11;
				GCC_DYNAMIC_NO_PIC = NO;
				GCC_NO_COMMON_BLOCKS = YES;
				GCC_OPTIMIZATION_LEVEL = 0;
				GCC_PREPROCESSOR_DEFINITIONS = (
					"DEBUG=1",
					"$(inherited)",
				);
				GCC_WARN_64_TO_32_BIT_CONVERSION = YES;
				GCC_WARN_ABOUT_RETURN_TYPE = YES_ERROR;
				GCC_WARN_UNDECLARED_SELECTOR = YES;
				GCC_WARN_UNINITIALIZED_AUTOS = YES_AGGRESSIVE;
				GCC_WARN_UNUSED_FUNCTION = YES;
				GCC_WARN_UNUSED_VARIABLE = YES;
				IPHONEOS_DEPLOYMENT_TARGET = 10.0;
				MTL_ENABLE_DEBUG_INFO = YES;
				ONLY_ACTIVE_ARCH = YES;
				SDKROOT = iphoneos;
				SWIFT_ACTIVE_COMPILATION_CONDITIONS = DEBUG;
				SWIFT_OPTIMIZATION_LEVEL = "-Onone";
			};
			name = Debug;
		};
		40D8D7001FB64B3F002CFD6A /* Release */ = {
			isa = XCBuildConfiguration;
			buildSettings = {
				ALWAYS_SEARCH_USER_PATHS = NO;
				CLANG_ANALYZER_NONNULL = YES;
				CLANG_ANALYZER_NUMBER_OBJECT_CONVERSION = YES_AGGRESSIVE;
				CLANG_CXX_LANGUAGE_STANDARD = "gnu++14";
				CLANG_CXX_LIBRARY = "libc++";
				CLANG_ENABLE_MODULES = YES;
				CLANG_ENABLE_OBJC_ARC = YES;
				CLANG_WARN_BLOCK_CAPTURE_AUTORELEASING = YES;
				CLANG_WARN_BOOL_CONVERSION = YES;
				CLANG_WARN_COMMA = YES;
				CLANG_WARN_CONSTANT_CONVERSION = YES;
				CLANG_WARN_DEPRECATED_OBJC_IMPLEMENTATIONS = YES;
				CLANG_WARN_DIRECT_OBJC_ISA_USAGE = YES_ERROR;
				CLANG_WARN_DOCUMENTATION_COMMENTS = YES;
				CLANG_WARN_EMPTY_BODY = YES;
				CLANG_WARN_ENUM_CONVERSION = YES;
				CLANG_WARN_INFINITE_RECURSION = YES;
				CLANG_WARN_INT_CONVERSION = YES;
				CLANG_WARN_NON_LITERAL_NULL_CONVERSION = YES;
				CLANG_WARN_OBJC_IMPLICIT_RETAIN_SELF = YES;
				CLANG_WARN_OBJC_LITERAL_CONVERSION = YES;
				CLANG_WARN_OBJC_ROOT_CLASS = YES_ERROR;
				CLANG_WARN_RANGE_LOOP_ANALYSIS = YES;
				CLANG_WARN_STRICT_PROTOTYPES = YES;
				CLANG_WARN_SUSPICIOUS_MOVE = YES;
				CLANG_WARN_UNGUARDED_AVAILABILITY = YES_AGGRESSIVE;
				CLANG_WARN_UNREACHABLE_CODE = YES;
				CLANG_WARN__DUPLICATE_METHOD_MATCH = YES;
				CODE_SIGN_IDENTITY = "iPhone Developer";
				COPY_PHASE_STRIP = NO;
				DEBUG_INFORMATION_FORMAT = "dwarf-with-dsym";
				ENABLE_NS_ASSERTIONS = NO;
				ENABLE_STRICT_OBJC_MSGSEND = YES;
				GCC_C_LANGUAGE_STANDARD = gnu11;
				GCC_NO_COMMON_BLOCKS = YES;
				GCC_WARN_64_TO_32_BIT_CONVERSION = YES;
				GCC_WARN_ABOUT_RETURN_TYPE = YES_ERROR;
				GCC_WARN_UNDECLARED_SELECTOR = YES;
				GCC_WARN_UNINITIALIZED_AUTOS = YES_AGGRESSIVE;
				GCC_WARN_UNUSED_FUNCTION = YES;
				GCC_WARN_UNUSED_VARIABLE = YES;
				IPHONEOS_DEPLOYMENT_TARGET = 10.0;
				MTL_ENABLE_DEBUG_INFO = NO;
				SDKROOT = iphoneos;
				SWIFT_COMPILATION_MODE = wholemodule;
				SWIFT_OPTIMIZATION_LEVEL = "-O";
				VALIDATE_PRODUCT = YES;
			};
			name = Release;
		};
		40D8D7021FB64B3F002CFD6A /* Debug */ = {
			isa = XCBuildConfiguration;
			buildSettings = {
				ASSETCATALOG_COMPILER_APPICON_NAME = AppIcon;
				CODE_SIGN_STYLE = Automatic;
				DEVELOPMENT_TEAM = ZM2TBP23P7;
				FRAMEWORK_SEARCH_PATHS = "$(inherited)/**";
				INFOPLIST_FILE = Rainy/Info.plist;
				IPHONEOS_DEPLOYMENT_TARGET = 10.0;
				LD_RUNPATH_SEARCH_PATHS = (
					"$(inherited)",
					"@executable_path/Frameworks",
				);
				PRODUCT_BUNDLE_IDENTIFIER = me.gottardo.Rainy;
				PRODUCT_NAME = "$(TARGET_NAME)";
				SWIFT_VERSION = 5.0;
				TARGETED_DEVICE_FAMILY = 1;
				VALID_ARCHS = arm64;
			};
			name = Debug;
		};
		40D8D7031FB64B3F002CFD6A /* Release */ = {
			isa = XCBuildConfiguration;
			buildSettings = {
				ASSETCATALOG_COMPILER_APPICON_NAME = AppIcon;
				CODE_SIGN_STYLE = Automatic;
				DEVELOPMENT_TEAM = ZM2TBP23P7;
				FRAMEWORK_SEARCH_PATHS = "$(inherited)/**";
				INFOPLIST_FILE = Rainy/Info.plist;
				IPHONEOS_DEPLOYMENT_TARGET = 10.0;
				LD_RUNPATH_SEARCH_PATHS = (
					"$(inherited)",
					"@executable_path/Frameworks",
				);
				PRODUCT_BUNDLE_IDENTIFIER = me.gottardo.Rainy;
				PRODUCT_NAME = "$(TARGET_NAME)";
				SWIFT_VERSION = 5.0;
				TARGETED_DEVICE_FAMILY = 1;
				VALID_ARCHS = arm64;
			};
			name = Release;
		};
/* End XCBuildConfiguration section */

/* Begin XCConfigurationList section */
		40D8D6DC1FB64B3E002CFD6A /* Build configuration list for PBXProject "Rainy" */ = {
			isa = XCConfigurationList;
			buildConfigurations = (
				40D8D6FF1FB64B3F002CFD6A /* Debug */,
				40D8D7001FB64B3F002CFD6A /* Release */,
			);
			defaultConfigurationIsVisible = 0;
			defaultConfigurationName = Release;
		};
		40D8D7011FB64B3F002CFD6A /* Build configuration list for PBXNativeTarget "Rainy" */ = {
			isa = XCConfigurationList;
			buildConfigurations = (
				40D8D7021FB64B3F002CFD6A /* Debug */,
				40D8D7031FB64B3F002CFD6A /* Release */,
			);
			defaultConfigurationIsVisible = 0;
			defaultConfigurationName = Release;
		};
/* End XCConfigurationList section */
	};
	rootObject = 40D8D6D91FB64B3E002CFD6A /* Project object */;
}
